{
  "nodes": {
    "flake-compat": {
      "flake": false,
      "locked": {
        "lastModified": 1673956053,
        "narHash": "sha256-4gtG9iQuiKITOjNQQeQIpoIB6b16fm+504Ch3sNKLd8=",
        "owner": "edolstra",
        "repo": "flake-compat",
        "rev": "35bb57c0c8d8b62bbfd284272c928ceb64ddbde9",
        "type": "github"
      },
      "original": {
        "owner": "edolstra",
        "repo": "flake-compat",
        "type": "github"
      }
    },
    "flake-utils": {
      "locked": {
        "lastModified": 1676283394,
        "narHash": "sha256-XX2f9c3iySLCw54rJ/CZs+ZK6IQy7GXNY4nSOyu2QG4=",
        "owner": "numtide",
        "repo": "flake-utils",
        "rev": "3db36a8b464d0c4532ba1c7dda728f4576d6d073",
        "type": "github"
      },
      "original": {
        "owner": "numtide",
        "repo": "flake-utils",
        "type": "github"
      }
    },
    "lsp": {
      "flake": false,
      "locked": {
        "lastModified": 1676291744,
        "narHash": "sha256-0KNfR76Hjt8lvP5LqKnGCXnbzagksyBLNvA4yV3SM7Q=",
        "owner": "ners",
        "repo": "lsp",
        "rev": "ed0b77db3579149110ca1f3e9221fa1e89228a00",
        "type": "github"
      },
      "original": {
        "owner": "ners",
        "repo": "lsp",
        "type": "github"
      }
    },
    "nix-filter": {
      "locked": {
        "lastModified": 1676294984,
        "narHash": "sha256-hdLUa/3RH1VJ+gMUysQE0JGM4F2Q/tIIFbtoxAOurJQ=",
        "owner": "numtide",
        "repo": "nix-filter",
        "rev": "fc282c5478e4141842f9644c239a41cfe9586732",
        "type": "github"
      },
      "original": {
        "owner": "numtide",
        "repo": "nix-filter",
        "type": "github"
      }
    },
    "nixpkgs": {
      "locked": {
        "lastModified": 1676300157,
        "narHash": "sha256-1HjRzfp6LOLfcj/HJHdVKWAkX9QRAouoh6AjzJiIerU=",
        "owner": "nixos",
        "repo": "nixpkgs",
        "rev": "545c7a31e5dedea4a6d372712a18e00ce097d462",
        "type": "github"
      },
      "original": {
        "owner": "nixos",
        "ref": "nixos-unstable",
        "repo": "nixpkgs",
        "type": "github"
      }
    },
    "reflex-vty": {
      "flake": false,
      "locked": {
        "lastModified": 1675757527,
        "narHash": "sha256-yMZcnlQOM6vRQwo7VFg1/FYP6vh4/wqVlWVRaryYw7s=",
        "owner": "ners",
        "repo": "reflex-vty",
        "rev": "5ec81f3f2c8e85c482df4a1b04c72214c41bb7a0",
        "type": "github"
      },
      "original": {
        "owner": "ners",
        "ref": "patch-1",
        "repo": "reflex-vty",
        "type": "github"
      }
    },
    "root": {
      "inputs": {
        "flake-compat": "flake-compat",
        "flake-utils": "flake-utils",
        "lsp": "lsp",
        "nix-filter": "nix-filter",
        "nixpkgs": "nixpkgs",
        "reflex-vty": "reflex-vty"
      }
    }
  },
  "root": "root",
  "version": 7
}
