{
  "nodes": {
    "haskell-terminal": {
      "flake": false,
      "locked": {
        "lastModified": 1709159410,
        "narHash": "sha256-BT0ClAsXsZYx9He7oNQQricb3usxwlYBZj713etxRJg=",
        "owner": "ners",
        "repo": "haskell-terminal",
        "rev": "de3c2fe566fe9b655e46b303d7d93442dafff06c",
        "type": "github"
      },
      "original": {
        "owner": "ners",
        "ref": "fix-virtual-terminal-erase",
        "repo": "haskell-terminal",
        "type": "github"
      }
    },
    "lsp-client": {
      "inputs": {
        "nixpkgs": [
          "nixpkgs"
        ]
      },
      "locked": {
        "lastModified": 1733862950,
        "narHash": "sha256-N5Ligp6yy3o629u1/7ZBZ+1IiQZiVNgrM/L0pXzKbLE=",
        "owner": "ners",
        "repo": "lsp-client",
        "rev": "bdaa67fe88e1b5717e338e265ff941455562fe10",
        "type": "github"
      },
      "original": {
        "owner": "ners",
        "repo": "lsp-client",
        "type": "github"
      }
    },
    "nixpkgs": {
      "locked": {
        "lastModified": 1747542820,
        "narHash": "sha256-GaOZntlJ6gPPbbkTLjbd8BMWaDYafhuuYRNrxCGnPJw=",
        "owner": "nixos",
        "repo": "nixpkgs",
        "rev": "292fa7d4f6519c074f0a50394dbbe69859bb6043",
        "type": "github"
      },
      "original": {
        "owner": "nixos",
        "ref": "nixos-unstable",
        "repo": "nixpkgs",
        "type": "github"
      }
    },
    "root": {
      "inputs": {
        "lsp-client": "lsp-client",
        "nixpkgs": "nixpkgs",
        "terminal-widgets": "terminal-widgets"
      }
    },
    "terminal-widgets": {
      "inputs": {
        "haskell-terminal": "haskell-terminal",
        "nixpkgs": [
          "nixpkgs"
        ],
        "text-rope-zipper": "text-rope-zipper"
      },
      "locked": {
        "lastModified": 1747032652,
        "narHash": "sha256-xZuRjY/2qGVnJh+FqvIgD6vvp54XS/gVdQW4fJYVJPE=",
        "owner": "ners",
        "repo": "terminal-widgets",
        "rev": "340da41e149439a5ee0370bb5701c9c26e30a8ff",
        "type": "github"
      },
      "original": {
        "owner": "ners",
        "repo": "terminal-widgets",
        "type": "github"
      }
    },
    "text-rope-zipper": {
      "inputs": {
        "nixpkgs": [
          "terminal-widgets",
          "nixpkgs"
        ]
      },
      "locked": {
        "lastModified": 1747032609,
        "narHash": "sha256-YmKNWufghcqemlyBVBxv0k4L9Fovk7P3J9Pr9Xf+iiI=",
        "owner": "ners",
        "repo": "text-rope-zipper",
        "rev": "3e30d8775a7518dd43f5c9ff6b4b0527d44fb731",
        "type": "github"
      },
      "original": {
        "owner": "ners",
        "repo": "text-rope-zipper",
        "type": "github"
      }
    }
  },
  "root": "root",
  "version": 7
}
