{
  "nodes": {
    "haskell-terminal": {
      "flake": false,
      "locked": {
        "lastModified": 1709159410,
        "narHash": "sha256-BT0ClAsXsZYx9He7oNQQricb3usxwlYBZj713etxRJg=",
        "owner": "ners",
        "repo": "haskell-terminal",
        "rev": "de3c2fe566fe9b655e46b303d7d93442dafff06c",
        "type": "github"
      },
      "original": {
        "owner": "ners",
        "ref": "fix-virtual-terminal-erase",
        "repo": "haskell-terminal",
        "type": "github"
      }
    },
    "lsp-client": {
      "inputs": {
        "nixpkgs": [
          "nixpkgs"
        ]
      },
      "locked": {
        "lastModified": 1721943928,
        "narHash": "sha256-t0jP2tQyHWFGN5dDdBKhkRyn4EsFk0OxtGc8u0Dd7ng=",
        "owner": "ners",
        "repo": "lsp-client",
        "rev": "b38cf200be4b58cfd80a8c433f10b08b62eeb04c",
        "type": "github"
      },
      "original": {
        "owner": "ners",
        "repo": "lsp-client",
        "type": "github"
      }
    },
    "nixpkgs": {
      "locked": {
        "lastModified": 1721743106,
        "narHash": "sha256-adRZhFpBTnHiK3XIELA3IBaApz70HwCYfv7xNrHjebA=",
        "owner": "nixos",
        "repo": "nixpkgs",
        "rev": "dc14ed91132ee3a26255d01d8fd0c1f5bff27b2f",
        "type": "github"
      },
      "original": {
        "owner": "nixos",
        "ref": "nixos-unstable",
        "repo": "nixpkgs",
        "type": "github"
      }
    },
    "rhine": {
      "inputs": {
        "nixpkgs": [
          "nixpkgs"
        ]
      },
      "locked": {
        "lastModified": 1721728947,
        "narHash": "sha256-qDDOhZ8nxQAPFJujIDNFhw8hTT2ZqAHQvDfB2Nd+SPI=",
        "owner": "turion",
        "repo": "rhine",
        "rev": "dd30a71440a256ce22d021555921e6412f129bae",
        "type": "github"
      },
      "original": {
        "owner": "turion",
        "repo": "rhine",
        "type": "github"
      }
    },
    "root": {
      "inputs": {
        "lsp-client": "lsp-client",
        "nixpkgs": "nixpkgs",
        "rhine": "rhine",
        "terminal-widgets": "terminal-widgets"
      }
    },
    "terminal-widgets": {
      "inputs": {
        "haskell-terminal": "haskell-terminal",
        "nixpkgs": [
          "nixpkgs"
        ],
        "text-rope-zipper": "text-rope-zipper"
      },
      "locked": {
        "lastModified": 1721573977,
        "narHash": "sha256-6nkJ/SljdG6pKL1/kBRbWPnaoIwGM+UTCYgeYJ8o+qE=",
        "owner": "ners",
        "repo": "terminal-widgets",
        "rev": "81a29ab9b98947d6a18a6c46c04a6e31f00baa4a",
        "type": "github"
      },
      "original": {
        "owner": "ners",
        "repo": "terminal-widgets",
        "type": "github"
      }
    },
    "text-rope-zipper": {
      "inputs": {
        "nixpkgs": [
          "terminal-widgets",
          "nixpkgs"
        ]
      },
      "locked": {
        "lastModified": 1715016696,
        "narHash": "sha256-/D16r86mh4wrimHaFcWZ/8iEzdF7eduHs3DxK8cNVL4=",
        "owner": "ners",
        "repo": "text-rope-zipper",
        "rev": "d5f943b6eb861e038659570d2015248512cd9c98",
        "type": "github"
      },
      "original": {
        "owner": "ners",
        "repo": "text-rope-zipper",
        "type": "github"
      }
    }
  },
  "root": "root",
  "version": 7
}
